{
  "name": "hello-world",
  "version": "1.0.0",
  "lockfileVersion": 1,
  "requires": true,
  "dependencies": {
    "ts2c-target-gbts": {
      "version": "1.0.0",
      "resolved": "https://registry.npmjs.org/ts2c-target-gbts/-/ts2c-target-gbts-1.0.0.tgz",
      "integrity": "sha512-K16T0dXp1EHfmZMQPqoW0yeeGSFuumNvwr8mwm0r7cgOvvw61TXFQAfETwyXWA5vI4GHwtOsUpK0rY4i615SbA=="
    }
  }
}
